
Microsoft Visual Studio Solution File, Format Version 12.00
# Visual Studio 14
VisualStudioVersion = 14.0.25420.1
MinimumVisualStudioVersion = 10.0.40219.1
Project("{2150E333-8FDC-42A3-9474-1A3956D46DE8}") = "src", "src", "{C019CF71-2EA5-4A58-89F0-68BDC28AAF40}"
EndProject
Project("{2150E333-8FDC-42A3-9474-1A3956D46DE8}") = "Solution Items", "Solution Items", "{66D83D77-DCDF-4809-BAFC-B5D88A694E8C}"
	ProjectSection(SolutionItems) = preProject
		global.json = global.json
	EndProjectSection
EndProject
Project("{8BB2217D-0F2D-49D1-97BC-3654ED321F3B}") = "ToDoList", "src\ToDoList\ToDoList.xproj", "{BADEAFB6-536C-4ED0-B11C-A22572C679EA}"
EndProject
Project("{2150E333-8FDC-42A3-9474-1A3956D46DE8}") = "tests", "tests", "{4CB0AFE1-C2CF-41D8-9558-A7001BC6EC22}"
EndProject
Project("{8BB2217D-0F2D-49D1-97BC-3654ED321F3B}") = "ToDoList.Tests", "ToDoList.Tests\ToDoList.Tests.xproj", "{697B1DFE-72C4-4365-8555-842AD70145D8}"
EndProject
Global
	GlobalSection(SolutionConfigurationPlatforms) = preSolution
		Debug|Any CPU = Debug|Any CPU
		Release|Any CPU = Release|Any CPU
	EndGlobalSection
	GlobalSection(ProjectConfigurationPlatforms) = postSolution
		{BADEAFB6-536C-4ED0-B11C-A22572C679EA}.Debug|Any CPU.ActiveCfg = Debug|Any CPU
		{BADEAFB6-536C-4ED0-B11C-A22572C679EA}.Debug|Any CPU.Build.0 = Debug|Any CPU
		{BADEAFB6-536C-4ED0-B11C-A22572C679EA}.Release|Any CPU.ActiveCfg = Release|Any CPU
		{BADEAFB6-536C-4ED0-B11C-A22572C679EA}.Release|Any CPU.Build.0 = Release|Any CPU
		{697B1DFE-72C4-4365-8555-842AD70145D8}.Debug|Any CPU.ActiveCfg = Debug|Any CPU
		{697B1DFE-72C4-4365-8555-842AD70145D8}.Debug|Any CPU.Build.0 = Debug|Any CPU
		{697B1DFE-72C4-4365-8555-842AD70145D8}.Release|Any CPU.ActiveCfg = Release|Any CPU
		{697B1DFE-72C4-4365-8555-842AD70145D8}.Release|Any CPU.Build.0 = Release|Any CPU
	EndGlobalSection
	GlobalSection(SolutionProperties) = preSolution
		HideSolutionNode = FALSE
	EndGlobalSection
	GlobalSection(NestedProjects) = preSolution
		{BADEAFB6-536C-4ED0-B11C-A22572C679EA} = {C019CF71-2EA5-4A58-89F0-68BDC28AAF40}
		{697B1DFE-72C4-4365-8555-842AD70145D8} = {4CB0AFE1-C2CF-41D8-9558-A7001BC6EC22}
	EndGlobalSection
EndGlobal
